
Microsoft Visual Studio Solution File, Format Version 12.00
# Visual Studio Version 17
VisualStudioVersion = 17.4.33403.182
MinimumVisualStudioVersion = 10.0.40219.1
Project("{FAE04EC0-301F-11D3-BF4B-00C04F79EFBC}") = "DevEnglishTutor.API", "DevEnglishTutor.API\DevEnglishTutor.API.csproj", "{FA3A5B0C-1976-461C-96EF-3E17739E3ABF}"
EndProject
Global
	GlobalSection(SolutionConfigurationPlatforms) = preSolution
		Debug|Any CPU = Debug|Any CPU
		Release|Any CPU = Release|Any CPU
	EndGlobalSection
	GlobalSection(ProjectConfigurationPlatforms) = postSolution
		{FA3A5B0C-1976-461C-96EF-3E17739E3ABF}.Debug|Any CPU.ActiveCfg = Debug|Any CPU
		{FA3A5B0C-1976-461C-96EF-3E17739E3ABF}.Debug|Any CPU.Build.0 = Debug|Any CPU
		{FA3A5B0C-1976-461C-96EF-3E17739E3ABF}.Release|Any CPU.ActiveCfg = Release|Any CPU
		{FA3A5B0C-1976-461C-96EF-3E17739E3ABF}.Release|Any CPU.Build.0 = Release|Any CPU
	EndGlobalSection
	GlobalSection(SolutionProperties) = preSolution
		HideSolutionNode = FALSE
	EndGlobalSection
	GlobalSection(ExtensibilityGlobals) = postSolution
		SolutionGuid = {928B0FD5-8E07-4BA1-80AE-D87AA82F3E64}
	EndGlobalSection
EndGlobal
